
Microsoft Visual Studio Solution File, Format Version 12.00
# Visual Studio Version 16
VisualStudioVersion = 16.0.28714.193
MinimumVisualStudioVersion = 10.0.40219.1
Project("{2150E333-8FDC-42A3-9474-1A3956D46DE8}") = "Solution Items", "Solution Items", "{A5AC21A1-91DE-42C1-9B3B-46EA0FE8C913}"
	ProjectSection(SolutionItems) = preProject
		Memo.txt = Memo.txt
	EndProjectSection
EndProject
Project("{FAE04EC0-301F-11D3-BF4B-00C04F79EFBC}") = "Dolany.Ai.MQ", "Dolany.Ai.MQ\Dolany.Ai.MQ.csproj", "{006767DB-7A2E-4652-A736-B853BC84C7C9}"
EndProject
Project("{FAE04EC0-301F-11D3-BF4B-00C04F79EFBC}") = "Dolany.Ai.Util", "Dolany.Ai.Util\Dolany.Ai.Util.csproj", "{A08B684E-072A-4770-A005-4B5CC8CA726C}"
EndProject
Project("{2150E333-8FDC-42A3-9474-1A3956D46DE8}") = "Desktop", "Desktop", "{3D1D748A-8A7B-446B-8AFB-97877F34CCED}"
EndProject
Project("{9A19103F-16F7-4668-BE54-9A1E7A4F7556}") = "Dolany.Ai.Core", "Dolany.Ai.Core\Dolany.Ai.Core.csproj", "{82107F59-6694-413C-84ED-92EAE2D3A2F9}"
EndProject
Project("{9A19103F-16F7-4668-BE54-9A1E7A4F7556}") = "DolanyAiDesktop", "DolanyAiDesktop\DolanyAiDesktop.csproj", "{8378C902-59D6-4E24-8347-51AEB956032C}"
EndProject
Project("{2150E333-8FDC-42A3-9474-1A3956D46DE8}") = "DolanyCore", "DolanyCore", "{57495118-F4E5-4BDA-B6D9-DE6EBA01C783}"
EndProject
Project("{9A19103F-16F7-4668-BE54-9A1E7A4F7556}") = "Dolany.Database", "Dolany.Database\Dolany.Database.csproj", "{7A3EB285-4A87-4EC4-8406-164F426C4D12}"
EndProject
Project("{9A19103F-16F7-4668-BE54-9A1E7A4F7556}") = "Dolany.Ai.Common", "Dolany.Ai.Common\Dolany.Ai.Common.csproj", "{2B9694E8-00A1-4AA6-A87B-C2009FB97F9B}"
EndProject
Project("{2150E333-8FDC-42A3-9474-1A3956D46DE8}") = "Infrastructure", "Infrastructure", "{9B6A40A7-85AA-4DE1-A17E-D7CF982D706F}"
EndProject
Project("{FAE04EC0-301F-11D3-BF4B-00C04F79EFBC}") = "Dolany.Test.Information", "Dolany.Test.Information\Dolany.Test.Information.csproj", "{E403102B-5108-456F-8A61-B033C895EE67}"
EndProject
Project("{9A19103F-16F7-4668-BE54-9A1E7A4F7556}") = "Dolany.Temp", "Dolany.Temp\Dolany.Temp.csproj", "{9AE0C7FF-BACB-4B71-94F6-58A089E29DC9}"
EndProject
Global
	GlobalSection(SolutionConfigurationPlatforms) = preSolution
		Debug|Any CPU = Debug|Any CPU
		Release|Any CPU = Release|Any CPU
	EndGlobalSection
	GlobalSection(ProjectConfigurationPlatforms) = postSolution
		{006767DB-7A2E-4652-A736-B853BC84C7C9}.Debug|Any CPU.ActiveCfg = Debug|Any CPU
		{006767DB-7A2E-4652-A736-B853BC84C7C9}.Debug|Any CPU.Build.0 = Debug|Any CPU
		{006767DB-7A2E-4652-A736-B853BC84C7C9}.Release|Any CPU.ActiveCfg = Release|Any CPU
		{006767DB-7A2E-4652-A736-B853BC84C7C9}.Release|Any CPU.Build.0 = Release|Any CPU
		{A08B684E-072A-4770-A005-4B5CC8CA726C}.Debug|Any CPU.ActiveCfg = Debug|Any CPU
		{A08B684E-072A-4770-A005-4B5CC8CA726C}.Debug|Any CPU.Build.0 = Debug|Any CPU
		{A08B684E-072A-4770-A005-4B5CC8CA726C}.Release|Any CPU.ActiveCfg = Release|Any CPU
		{A08B684E-072A-4770-A005-4B5CC8CA726C}.Release|Any CPU.Build.0 = Release|Any CPU
		{82107F59-6694-413C-84ED-92EAE2D3A2F9}.Debug|Any CPU.ActiveCfg = Debug|Any CPU
		{82107F59-6694-413C-84ED-92EAE2D3A2F9}.Debug|Any CPU.Build.0 = Debug|Any CPU
		{82107F59-6694-413C-84ED-92EAE2D3A2F9}.Release|Any CPU.ActiveCfg = Release|Any CPU
		{82107F59-6694-413C-84ED-92EAE2D3A2F9}.Release|Any CPU.Build.0 = Release|Any CPU
		{8378C902-59D6-4E24-8347-51AEB956032C}.Debug|Any CPU.ActiveCfg = Debug|Any CPU
		{8378C902-59D6-4E24-8347-51AEB956032C}.Debug|Any CPU.Build.0 = Debug|Any CPU
		{8378C902-59D6-4E24-8347-51AEB956032C}.Release|Any CPU.ActiveCfg = Release|Any CPU
		{8378C902-59D6-4E24-8347-51AEB956032C}.Release|Any CPU.Build.0 = Release|Any CPU
		{7A3EB285-4A87-4EC4-8406-164F426C4D12}.Debug|Any CPU.ActiveCfg = Debug|Any CPU
		{7A3EB285-4A87-4EC4-8406-164F426C4D12}.Debug|Any CPU.Build.0 = Debug|Any CPU
		{7A3EB285-4A87-4EC4-8406-164F426C4D12}.Release|Any CPU.ActiveCfg = Release|Any CPU
		{7A3EB285-4A87-4EC4-8406-164F426C4D12}.Release|Any CPU.Build.0 = Release|Any CPU
		{2B9694E8-00A1-4AA6-A87B-C2009FB97F9B}.Debug|Any CPU.ActiveCfg = Debug|Any CPU
		{2B9694E8-00A1-4AA6-A87B-C2009FB97F9B}.Debug|Any CPU.Build.0 = Debug|Any CPU
		{2B9694E8-00A1-4AA6-A87B-C2009FB97F9B}.Release|Any CPU.ActiveCfg = Release|Any CPU
		{2B9694E8-00A1-4AA6-A87B-C2009FB97F9B}.Release|Any CPU.Build.0 = Release|Any CPU
		{E403102B-5108-456F-8A61-B033C895EE67}.Debug|Any CPU.ActiveCfg = Debug|Any CPU
		{E403102B-5108-456F-8A61-B033C895EE67}.Debug|Any CPU.Build.0 = Debug|Any CPU
		{E403102B-5108-456F-8A61-B033C895EE67}.Release|Any CPU.ActiveCfg = Release|Any CPU
		{E403102B-5108-456F-8A61-B033C895EE67}.Release|Any CPU.Build.0 = Release|Any CPU
		{9AE0C7FF-BACB-4B71-94F6-58A089E29DC9}.Debug|Any CPU.ActiveCfg = Debug|Any CPU
		{9AE0C7FF-BACB-4B71-94F6-58A089E29DC9}.Debug|Any CPU.Build.0 = Debug|Any CPU
		{9AE0C7FF-BACB-4B71-94F6-58A089E29DC9}.Release|Any CPU.ActiveCfg = Release|Any CPU
		{9AE0C7FF-BACB-4B71-94F6-58A089E29DC9}.Release|Any CPU.Build.0 = Release|Any CPU
	EndGlobalSection
	GlobalSection(SolutionProperties) = preSolution
		HideSolutionNode = FALSE
	EndGlobalSection
	GlobalSection(NestedProjects) = preSolution
		{006767DB-7A2E-4652-A736-B853BC84C7C9} = {57495118-F4E5-4BDA-B6D9-DE6EBA01C783}
		{A08B684E-072A-4770-A005-4B5CC8CA726C} = {9B6A40A7-85AA-4DE1-A17E-D7CF982D706F}
		{82107F59-6694-413C-84ED-92EAE2D3A2F9} = {57495118-F4E5-4BDA-B6D9-DE6EBA01C783}
		{8378C902-59D6-4E24-8347-51AEB956032C} = {57495118-F4E5-4BDA-B6D9-DE6EBA01C783}
		{7A3EB285-4A87-4EC4-8406-164F426C4D12} = {9B6A40A7-85AA-4DE1-A17E-D7CF982D706F}
		{2B9694E8-00A1-4AA6-A87B-C2009FB97F9B} = {9B6A40A7-85AA-4DE1-A17E-D7CF982D706F}
		{9B6A40A7-85AA-4DE1-A17E-D7CF982D706F} = {57495118-F4E5-4BDA-B6D9-DE6EBA01C783}
		{E403102B-5108-456F-8A61-B033C895EE67} = {3D1D748A-8A7B-446B-8AFB-97877F34CCED}
		{9AE0C7FF-BACB-4B71-94F6-58A089E29DC9} = {3D1D748A-8A7B-446B-8AFB-97877F34CCED}
	EndGlobalSection
	GlobalSection(ExtensibilityGlobals) = postSolution
		SolutionGuid = {16A16387-5510-46DA-B392-7152AF4264E7}
	EndGlobalSection
EndGlobal
